<?xml version="1.0" encoding="UTF-8"?>
<Project ToolsVersion="14.0" xmlns="http://schemas.microsoft.com/developer/msbuild/2003">
  <ItemGroup>
    <ClCompile Include="C:\Work\orx-extern\freetype\src\autofit\autofit.c">
      <Filter>Source Files</Filter>
    </ClCompile>
    <ClCompile Include="C:\Work\orx-extern\freetype\src\base\ftadvanc.c">
      <Filter>Source Files</Filter>
    </ClCompile>
    <ClCompile Include="C:\Work\orx-extern\freetype\src\base\ftbbox.c">
      <Filter>Source Files</Filter>
    </ClCompile>
    <ClCompile Include="C:\Work\orx-extern\freetype\src\base\ftbdf.c">
      <Filter>Source Files</Filter>
    </ClCompile>
    <ClCompile Include="C:\Work\orx-extern\freetype\src\base\ftbitmap.c">
      <Filter>Source Files</Filter>
    </ClCompile>
    <ClCompile Include="C:\Work\orx-extern\freetype\src\base\ftcalc.c">
      <Filter>Source Files</Filter>
    </ClCompile>
    <ClCompile Include="C:\Work\orx-extern\freetype\src\base\ftcid.c">
      <Filter>Source Files</Filter>
    </ClCompile>
    <ClCompile Include="C:\Work\orx-extern\freetype\src\base\ftdbgmem.c">
      <Filter>Source Files</Filter>
    </ClCompile>
    <ClCompile Include="C:\Work\orx-extern\freetype\src\base\ftdebug.c">
      <Filter>Source Files</Filter>
    </ClCompile>
    <ClCompile Include="C:\Work\orx-extern\freetype\src\base\ftfstype.c">
      <Filter>Source Files</Filter>
    </ClCompile>
    <ClCompile Include="C:\Work\orx-extern\freetype\src\base\ftgasp.c">
      <Filter>Source Files</Filter>
    </ClCompile>
    <ClCompile Include="C:\Work\orx-extern\freetype\src\base\ftgloadr.c">
      <Filter>Source Files</Filter>
    </ClCompile>
    <ClCompile Include="C:\Work\orx-extern\freetype\src\base\ftglyph.c">
      <Filter>Source Files</Filter>
    </ClCompile>
    <ClCompile Include="C:\Work\orx-extern\freetype\src\base\ftgxval.c">
      <Filter>Source Files</Filter>
    </ClCompile>
    <ClCompile Include="C:\Work\orx-extern\freetype\src\base\ftinit.c">
      <Filter>Source Files</Filter>
    </ClCompile>
    <ClCompile Include="C:\Work\orx-extern\freetype\src\base\ftlcdfil.c">
      <Filter>Source Files</Filter>
    </ClCompile>
    <ClCompile Include="C:\Work\orx-extern\freetype\src\base\ftmm.c">
      <Filter>Source Files</Filter>
    </ClCompile>
    <ClCompile Include="C:\Work\orx-extern\freetype\src\base\ftobjs.c">
      <Filter>Source Files</Filter>
    </ClCompile>
    <ClCompile Include="C:\Work\orx-extern\freetype\src\base\ftotval.c">
      <Filter>Source Files</Filter>
    </ClCompile>
    <ClCompile Include="C:\Work\orx-extern\freetype\src\base\ftoutln.c">
      <Filter>Source Files</Filter>
    </ClCompile>
    <ClCompile Include="C:\Work\orx-extern\freetype\src\base\ftpatent.c">
      <Filter>Source Files</Filter>
    </ClCompile>
    <ClCompile Include="C:\Work\orx-extern\freetype\src\base\ftpfr.c">
      <Filter>Source Files</Filter>
    </ClCompile>
    <ClCompile Include="C:\Work\orx-extern\freetype\src\base\ftrfork.c">
      <Filter>Source Files</Filter>
    </ClCompile>
    <ClCompile Include="C:\Work\orx-extern\freetype\src\base\ftsnames.c">
      <Filter>Source Files</Filter>
    </ClCompile>
    <ClCompile Include="C:\Work\orx-extern\freetype\src\base\ftstream.c">
      <Filter>Source Files</Filter>
    </ClCompile>
    <ClCompile Include="C:\Work\orx-extern\freetype\src\base\ftstroke.c">
      <Filter>Source Files</Filter>
    </ClCompile>
    <ClCompile Include="C:\Work\orx-extern\freetype\src\base\ftsynth.c">
      <Filter>Source Files</Filter>
    </ClCompile>
    <ClCompile Include="C:\Work\orx-extern\freetype\src\base\ftsystem.c">
      <Filter>Source Files</Filter>
    </ClCompile>
    <ClCompile Include="C:\Work\orx-extern\freetype\src\base\fttrigon.c">
      <Filter>Source Files</Filter>
    </ClCompile>
    <ClCompile Include="C:\Work\orx-extern\freetype\src\base\fttype1.c">
      <Filter>Source Files</Filter>
    </ClCompile>
    <ClCompile Include="C:\Work\orx-extern\freetype\src\base\ftutil.c">
      <Filter>Source Files</Filter>
    </ClCompile>
    <ClCompile Include="C:\Work\orx-extern\freetype\src\base\ftwinfnt.c">
      <Filter>Source Files</Filter>
    </ClCompile>
    <ClCompile Include="C:\Work\orx-extern\freetype\src\base\ftxf86.c">
      <Filter>Source Files</Filter>
    </ClCompile>
    <ClCompile Include="C:\Work\orx-extern\freetype\src\bdf\bdf.c">
      <Filter>Source Files</Filter>
    </ClCompile>
    <ClCompile Include="C:\Work\orx-extern\freetype\src\bzip2\ftbzip2.c">
      <Filter>Source Files</Filter>
    </ClCompile>
    <ClCompile Include="C:\Work\orx-extern\freetype\src\cache\ftcache.c">
      <Filter>Source Files</Filter>
    </ClCompile>
    <ClCompile Include="C:\Work\orx-extern\freetype\src\cff\cff.c">
      <Filter>Source Files</Filter>
    </ClCompile>
    <ClCompile Include="C:\Work\orx-extern\freetype\src\cid\type1cid.c">
      <Filter>Source Files</Filter>
    </ClCompile>
    <ClCompile Include="C:\Work\orx-extern\freetype\src\gzip\ftgzip.c">
      <Filter>Source Files</Filter>
    </ClCompile>
    <ClCompile Include="C:\Work\orx-extern\freetype\src\lzw\ftlzw.c">
      <Filter>Source Files</Filter>
    </ClCompile>
    <ClCompile Include="C:\Work\orx-extern\freetype\src\pcf\pcf.c">
      <Filter>Source Files</Filter>
    </ClCompile>
    <ClCompile Include="C:\Work\orx-extern\freetype\src\pfr\pfr.c">
      <Filter>Source Files</Filter>
    </ClCompile>
    <ClCompile Include="C:\Work\orx-extern\freetype\src\psaux\psaux.c">
      <Filter>Source Files</Filter>
    </ClCompile>
    <ClCompile Include="C:\Work\orx-extern\freetype\src\pshinter\pshinter.c">
      <Filter>Source Files</Filter>
    </ClCompile>
    <ClCompile Include="C:\Work\orx-extern\freetype\src\psnames\psmodule.c">
      <Filter>Source Files</Filter>
    </ClCompile>
    <ClCompile Include="C:\Work\orx-extern\freetype\src\raster\raster.c">
      <Filter>Source Files</Filter>
    </ClCompile>
    <ClCompile Include="C:\Work\orx-extern\freetype\src\sfnt\sfnt.c">
      <Filter>Source Files</Filter>
    </ClCompile>
    <ClCompile Include="C:\Work\orx-extern\freetype\src\smooth\smooth.c">
      <Filter>Source Files</Filter>
    </ClCompile>
    <ClCompile Include="C:\Work\orx-extern\freetype\src\truetype\truetype.c">
      <Filter>Source Files</Filter>
    </ClCompile>
    <ClCompile Include="C:\Work\orx-extern\freetype\src\type1\type1.c">
      <Filter>Source Files</Filter>
    </ClCompile>
    <ClCompile Include="C:\Work\orx-extern\freetype\src\type42\type42.c">
      <Filter>Source Files</Filter>
    </ClCompile>
    <ClCompile Include="C:\Work\orx-extern\freetype\src\winfonts\winfnt.c">
      <Filter>Source Files</Filter>
    </ClCompile>
  </ItemGroup>
  <ItemGroup>
    <ClInclude Include="C:\Work\orx-extern\freetype\include\freetype.h">
      <Filter>Header Files</Filter>
    </ClInclude>
    <ClInclude Include="C:\Work\orx-extern\freetype\include\ft2build.h">
      <Filter>Header Files</Filter>
    </ClInclude>
    <ClInclude Include="C:\Work\orx-extern\freetype\include\ftadvanc.h">
      <Filter>Header Files</Filter>
    </ClInclude>
    <ClInclude Include="C:\Work\orx-extern\freetype\include\ftautoh.h">
      <Filter>Header Files</Filter>
    </ClInclude>
    <ClInclude Include="C:\Work\orx-extern\freetype\include\ftbbox.h">
      <Filter>Header Files</Filter>
    </ClInclude>
    <ClInclude Include="C:\Work\orx-extern\freetype\include\ftbdf.h">
      <Filter>Header Files</Filter>
    </ClInclude>
    <ClInclude Include="C:\Work\orx-extern\freetype\include\ftbitmap.h">
      <Filter>Header Files</Filter>
    </ClInclude>
    <ClInclude Include="C:\Work\orx-extern\freetype\include\ftbzip2.h">
      <Filter>Header Files</Filter>
    </ClInclude>
    <ClInclude Include="C:\Work\orx-extern\freetype\include\ftcache.h">
      <Filter>Header Files</Filter>
    </ClInclude>
    <ClInclude Include="C:\Work\orx-extern\freetype\include\ftcffdrv.h">
      <Filter>Header Files</Filter>
    </ClInclude>
    <ClInclude Include="C:\Work\orx-extern\freetype\include\ftchapters.h">
      <Filter>Header Files</Filter>
    </ClInclude>
    <ClInclude Include="C:\Work\orx-extern\freetype\include\ftcid.h">
      <Filter>Header Files</Filter>
    </ClInclude>
    <ClInclude Include="C:\Work\orx-extern\freetype\include\fterrdef.h">
      <Filter>Header Files</Filter>
    </ClInclude>
    <ClInclude Include="C:\Work\orx-extern\freetype\include\fterrors.h">
      <Filter>Header Files</Filter>
    </ClInclude>
    <ClInclude Include="C:\Work\orx-extern\freetype\include\ftgasp.h">
      <Filter>Header Files</Filter>
    </ClInclude>
    <ClInclude Include="C:\Work\orx-extern\freetype\include\ftglyph.h">
      <Filter>Header Files</Filter>
    </ClInclude>
    <ClInclude Include="C:\Work\orx-extern\freetype\include\ftgxval.h">
      <Filter>Header Files</Filter>
    </ClInclude>
    <ClInclude Include="C:\Work\orx-extern\freetype\include\ftgzip.h">
      <Filter>Header Files</Filter>
    </ClInclude>
    <ClInclude Include="C:\Work\orx-extern\freetype\include\ftimage.h">
      <Filter>Header Files</Filter>
    </ClInclude>
    <ClInclude Include="C:\Work\orx-extern\freetype\include\ftincrem.h">
      <Filter>Header Files</Filter>
    </ClInclude>
    <ClInclude Include="C:\Work\orx-extern\freetype\include\ftlcdfil.h">
      <Filter>Header Files</Filter>
    </ClInclude>
    <ClInclude Include="C:\Work\orx-extern\freetype\include\ftlist.h">
      <Filter>Header Files</Filter>
    </ClInclude>
    <ClInclude Include="C:\Work\orx-extern\freetype\include\ftlzw.h">
      <Filter>Header Files</Filter>
    </ClInclude>
    <ClInclude Include="C:\Work\orx-extern\freetype\include\ftmac.h">
      <Filter>Header Files</Filter>
    </ClInclude>
    <ClInclude Include="C:\Work\orx-extern\freetype\include\ftmm.h">
      <Filter>Header Files</Filter>
    </ClInclude>
    <ClInclude Include="C:\Work\orx-extern\freetype\include\ftmodapi.h">
      <Filter>Header Files</Filter>
    </ClInclude>
    <ClInclude Include="C:\Work\orx-extern\freetype\include\ftmoderr.h">
      <Filter>Header Files</Filter>
    </ClInclude>
    <ClInclude Include="C:\Work\orx-extern\freetype\include\ftotval.h">
      <Filter>Header Files</Filter>
    </ClInclude>
    <ClInclude Include="C:\Work\orx-extern\freetype\include\ftoutln.h">
      <Filter>Header Files</Filter>
    </ClInclude>
    <ClInclude Include="C:\Work\orx-extern\freetype\include\ftpfr.h">
      <Filter>Header Files</Filter>
    </ClInclude>
    <ClInclude Include="C:\Work\orx-extern\freetype\include\ftrender.h">
      <Filter>Header Files</Filter>
    </ClInclude>
    <ClInclude Include="C:\Work\orx-extern\freetype\include\ftsizes.h">
      <Filter>Header Files</Filter>
    </ClInclude>
    <ClInclude Include="C:\Work\orx-extern\freetype\include\ftsnames.h">
      <Filter>Header Files</Filter>
    </ClInclude>
    <ClInclude Include="C:\Work\orx-extern\freetype\include\ftstroke.h">
      <Filter>Header Files</Filter>
    </ClInclude>
    <ClInclude Include="C:\Work\orx-extern\freetype\include\ftsynth.h">
      <Filter>Header Files</Filter>
    </ClInclude>
    <ClInclude Include="C:\Work\orx-extern\freetype\include\ftsystem.h">
      <Filter>Header Files</Filter>
    </ClInclude>
    <ClInclude Include="C:\Work\orx-extern\freetype\include\fttrigon.h">
      <Filter>Header Files</Filter>
    </ClInclude>
    <ClInclude Include="C:\Work\orx-extern\freetype\include\ftttdrv.h">
      <Filter>Header Files</Filter>
    </ClInclude>
    <ClInclude Include="C:\Work\orx-extern\freetype\include\fttypes.h">
      <Filter>Header Files</Filter>
    </ClInclude>
    <ClInclude Include="C:\Work\orx-extern\freetype\include\ftwinfnt.h">
      <Filter>Header Files</Filter>
    </ClInclude>
    <ClInclude Include="C:\Work\orx-extern\freetype\include\ftxf86.h">
      <Filter>Header Files</Filter>
    </ClInclude>
    <ClInclude Include="C:\Work\orx-extern\freetype\include\t1tables.h">
      <Filter>Header Files</Filter>
    </ClInclude>
    <ClInclude Include="C:\Work\orx-extern\freetype\include\ttnameid.h">
      <Filter>Header Files</Filter>
    </ClInclude>
    <ClInclude Include="C:\Work\orx-extern\freetype\include\tttables.h">
      <Filter>Header Files</Filter>
    </ClInclude>
    <ClInclude Include="C:\Work\orx-extern\freetype\include\tttags.h">
      <Filter>Header Files</Filter>
    </ClInclude>
    <ClInclude Include="C:\Work\orx-extern\freetype\include\ttunpat.h">
      <Filter>Header Files</Filter>
    </ClInclude>
    <ClInclude Include="C:\Work\orx-extern\freetype\include\config\ftconfig.h">
      <Filter>Header Files</Filter>
    </ClInclude>
    <ClInclude Include="C:\Work\orx-extern\freetype\include\config\ftheader.h">
      <Filter>Header Files</Filter>
    </ClInclude>
    <ClInclude Include="C:\Work\orx-extern\freetype\include\config\ftmodule.h">
      <Filter>Header Files</Filter>
    </ClInclude>
    <ClInclude Include="C:\Work\orx-extern\freetype\include\config\ftoption.h">
      <Filter>Header Files</Filter>
    </ClInclude>
    <ClInclude Include="C:\Work\orx-extern\freetype\include\config\ftstdlib.h">
      <Filter>Header Files</Filter>
    </ClInclude>
    <ClInclude Include="C:\Work\orx-extern\freetype\include\internal\autohint.h">
      <Filter>Header Files</Filter>
    </ClInclude>
    <ClInclude Include="C:\Work\orx-extern\freetype\include\internal\ftcalc.h">
      <Filter>Header Files</Filter>
    </ClInclude>
    <ClInclude Include="C:\Work\orx-extern\freetype\include\internal\ftdebug.h">
      <Filter>Header Files</Filter>
    </ClInclude>
    <ClInclude Include="C:\Work\orx-extern\freetype\include\internal\ftdriver.h">
      <Filter>Header Files</Filter>
    </ClInclude>
    <ClInclude Include="C:\Work\orx-extern\freetype\include\internal\ftgloadr.h">
      <Filter>Header Files</Filter>
    </ClInclude>
    <ClInclude Include="C:\Work\orx-extern\freetype\include\internal\ftmemory.h">
      <Filter>Header Files</Filter>
    </ClInclude>
    <ClInclude Include="C:\Work\orx-extern\freetype\include\internal\ftobjs.h">
      <Filter>Header Files</Filter>
    </ClInclude>
    <ClInclude Include="C:\Work\orx-extern\freetype\include\internal\ftpic.h">
      <Filter>Header Files</Filter>
    </ClInclude>
    <ClInclude Include="C:\Work\orx-extern\freetype\include\internal\ftrfork.h">
      <Filter>Header Files</Filter>
    </ClInclude>
    <ClInclude Include="C:\Work\orx-extern\freetype\include\internal\ftserv.h">
      <Filter>Header Files</Filter>
    </ClInclude>
    <ClInclude Include="C:\Work\orx-extern\freetype\include\internal\ftstream.h">
      <Filter>Header Files</Filter>
    </ClInclude>
    <ClInclude Include="C:\Work\orx-extern\freetype\include\internal\fttrace.h">
      <Filter>Header Files</Filter>
    </ClInclude>
    <ClInclude Include="C:\Work\orx-extern\freetype\include\internal\ftvalid.h">
      <Filter>Header Files</Filter>
    </ClInclude>
    <ClInclude Include="C:\Work\orx-extern\freetype\include\internal\internal.h">
      <Filter>Header Files</Filter>
    </ClInclude>
    <ClInclude Include="C:\Work\orx-extern\freetype\include\internal\psaux.h">
      <Filter>Header Files</Filter>
    </ClInclude>
    <ClInclude Include="C:\Work\orx-extern\freetype\include\internal\pshints.h">
      <Filter>Header Files</Filter>
    </ClInclude>
    <ClInclude Include="C:\Work\orx-extern\freetype\include\internal\sfnt.h">
      <Filter>Header Files</Filter>
    </ClInclude>
    <ClInclude Include="C:\Work\orx-extern\freetype\include\internal\t1types.h">
      <Filter>Header Files</Filter>
    </ClInclude>
    <ClInclude Include="C:\Work\orx-extern\freetype\include\internal\tttypes.h">
      <Filter>Header Files</Filter>
    </ClInclude>
  </ItemGroup>
  <ItemGroup>
    <CustomBuild Include="C:\Work\orx-extern\freetype\CMakeLists.txt" />
  </ItemGroup>
  <ItemGroup>
    <Filter Include="Source Files">
      <UniqueIdentifier>{2C645CA5-E49C-3712-84AD-69E2A9930ADC}</UniqueIdentifier>
    </Filter>
    <Filter Include="Header Files">
      <UniqueIdentifier>{66219866-CFEC-3001-B4B7-B4355BB56304}</UniqueIdentifier>
    </Filter>
  </ItemGroup>
</Project>
